// !$*UTF8*$!
{
	archiveVersion = 1;
	classes = {
	};
	objectVersion = 46;
	objects = {

/* Begin PBXBuildFile section */
		C3FF5E3F1BDFAD9500E3B131 /* main.m in Sources */ = {isa = PBXBuildFile; fileRef = C3FF5E3E1BDFAD9500E3B131 /* main.m */; };
		C3FF5E421BDFAD9500E3B131 /* AppDelegate.m in Sources */ = {isa = PBXBuildFile; fileRef = C3FF5E411BDFAD9500E3B131 /* AppDelegate.m */; };
		C3FF5E451BDFAD9500E3B131 /* ViewController.m in Sources */ = {isa = PBXBuildFile; fileRef = C3FF5E441BDFAD9500E3B131 /* ViewController.m */; };
		C3FF5E481BDFAD9500E3B131 /* Main.storyboard in Resources */ = {isa = PBXBuildFile; fileRef = C3FF5E461BDFAD9500E3B131 /* Main.storyboard */; };
		C3FF5E4A1BDFAD9500E3B131 /* Images.xcassets in Resources */ = {isa = PBXBuildFile; fileRef = C3FF5E491BDFAD9500E3B131 /* Images.xcassets */; };
		C3FF5E4D1BDFAD9500E3B131 /* LaunchScreen.xib in Resources */ = {isa = PBXBuildFile; fileRef = C3FF5E4B1BDFAD9500E3B131 /* LaunchScreen.xib */; };
		C3FF5E591BDFAD9500E3B131 /* DuandianDownTests.m in Sources */ = {isa = PBXBuildFile; fileRef = C3FF5E581BDFAD9500E3B131 /* DuandianDownTests.m */; };
		C3FF5E8A1BDFADBC00E3B131 /* AFHTTPRequestOperation.m in Sources */ = {isa = PBXBuildFile; fileRef = C3FF5E651BDFADBC00E3B131 /* AFHTTPRequestOperation.m */; };
		C3FF5E8B1BDFADBC00E3B131 /* AFHTTPRequestOperationManager.m in Sources */ = {isa = PBXBuildFile; fileRef = C3FF5E671BDFADBC00E3B131 /* AFHTTPRequestOperationManager.m */; };
		C3FF5E8C1BDFADBC00E3B131 /* AFHTTPSessionManager.m in Sources */ = {isa = PBXBuildFile; fileRef = C3FF5E691BDFADBC00E3B131 /* AFHTTPSessionManager.m */; };
		C3FF5E8D1BDFADBC00E3B131 /* AFNetworkReachabilityManager.m in Sources */ = {isa = PBXBuildFile; fileRef = C3FF5E6C1BDFADBC00E3B131 /* AFNetworkReachabilityManager.m */; };
		C3FF5E8E1BDFADBC00E3B131 /* AFSecurityPolicy.m in Sources */ = {isa = PBXBuildFile; fileRef = C3FF5E6E1BDFADBC00E3B131 /* AFSecurityPolicy.m */; };
		C3FF5E8F1BDFADBC00E3B131 /* AFURLConnectionOperation.m in Sources */ = {isa = PBXBuildFile; fileRef = C3FF5E701BDFADBC00E3B131 /* AFURLConnectionOperation.m */; };
		C3FF5E901BDFADBC00E3B131 /* AFURLRequestSerialization.m in Sources */ = {isa = PBXBuildFile; fileRef = C3FF5E721BDFADBC00E3B131 /* AFURLRequestSerialization.m */; };
		C3FF5E911BDFADBC00E3B131 /* AFURLResponseSerialization.m in Sources */ = {isa = PBXBuildFile; fileRef = C3FF5E741BDFADBC00E3B131 /* AFURLResponseSerialization.m */; };
		C3FF5E921BDFADBC00E3B131 /* AFURLSessionManager.m in Sources */ = {isa = PBXBuildFile; fileRef = C3FF5E761BDFADBC00E3B131 /* AFURLSessionManager.m */; };
		C3FF5E931BDFADBC00E3B131 /* AFNetworkActivityIndicatorManager.m in Sources */ = {isa = PBXBuildFile; fileRef = C3FF5E791BDFADBC00E3B131 /* AFNetworkActivityIndicatorManager.m */; };
		C3FF5E941BDFADBC00E3B131 /* README.md in Sources */ = {isa = PBXBuildFile; fileRef = C3FF5E7A1BDFADBC00E3B131 /* README.md */; };
		C3FF5E951BDFADBC00E3B131 /* UIActivityIndicatorView+AFNetworking.m in Sources */ = {isa = PBXBuildFile; fileRef = C3FF5E7C1BDFADBC00E3B131 /* UIActivityIndicatorView+AFNetworking.m */; };
		C3FF5E961BDFADBC00E3B131 /* UIAlertView+AFNetworking.m in Sources */ = {isa = PBXBuildFile; fileRef = C3FF5E7E1BDFADBC00E3B131 /* UIAlertView+AFNetworking.m */; };
		C3FF5E971BDFADBC00E3B131 /* UIButton+AFNetworking.m in Sources */ = {isa = PBXBuildFile; fileRef = C3FF5E801BDFADBC00E3B131 /* UIButton+AFNetworking.m */; };
		C3FF5E981BDFADBC00E3B131 /* UIImageView+AFNetworking.m in Sources */ = {isa = PBXBuildFile; fileRef = C3FF5E821BDFADBC00E3B131 /* UIImageView+AFNetworking.m */; };
		C3FF5E991BDFADBC00E3B131 /* UIProgressView+AFNetworking.m in Sources */ = {isa = PBXBuildFile; fileRef = C3FF5E851BDFADBC00E3B131 /* UIProgressView+AFNetworking.m */; };
		C3FF5E9A1BDFADBC00E3B131 /* UIRefreshControl+AFNetworking.m in Sources */ = {isa = PBXBuildFile; fileRef = C3FF5E871BDFADBC00E3B131 /* UIRefreshControl+AFNetworking.m */; };
		C3FF5E9B1BDFADBC00E3B131 /* UIWebView+AFNetworking.m in Sources */ = {isa = PBXBuildFile; fileRef = C3FF5E891BDFADBC00E3B131 /* UIWebView+AFNetworking.m */; };
		C3FF5E9D1BDFAF0200E3B131 /* SystemConfiguration.framework in Frameworks */ = {isa = PBXBuildFile; fileRef = C3FF5E9C1BDFAF0200E3B131 /* SystemConfiguration.framework */; };
		C3FF5E9F1BDFAF0E00E3B131 /* MobileCoreServices.framework in Frameworks */ = {isa = PBXBuildFile; fileRef = C3FF5E9E1BDFAF0E00E3B131 /* MobileCoreServices.framework */; };
/* End PBXBuildFile section */

/* Begin PBXContainerItemProxy section */
		C3FF5E531BDFAD9500E3B131 /* PBXContainerItemProxy */ = {
			isa = PBXContainerItemProxy;
			containerPortal = C3FF5E311BDFAD9400E3B131 /* Project object */;
			proxyType = 1;
			remoteGlobalIDString = C3FF5E381BDFAD9400E3B131;
			remoteInfo = DuandianDown;
		};
/* End PBXContainerItemProxy section */

/* Begin PBXFileReference section */
		C3FF5E391BDFAD9500E3B131 /* DuandianDown.app */ = {isa = PBXFileReference; explicitFileType = wrapper.application; includeInIndex = 0; path = DuandianDown.app; sourceTree = BUILT_PRODUCTS_DIR; };
		C3FF5E3D1BDFAD9500E3B131 /* Info.plist */ = {isa = PBXFileReference; lastKnownFileType = text.plist.xml; path = Info.plist; sourceTree = "<group>"; };
		C3FF5E3E1BDFAD9500E3B131 /* main.m */ = {isa = PBXFileReference; lastKnownFileType = sourcecode.c.objc; path = main.m; sourceTree = "<group>"; };
		C3FF5E401BDFAD9500E3B131 /* AppDelegate.h */ = {isa = PBXFileReference; lastKnownFileType = sourcecode.c.h; path = AppDelegate.h; sourceTree = "<group>"; };
		C3FF5E411BDFAD9500E3B131 /* AppDelegate.m */ = {isa = PBXFileReference; lastKnownFileType = sourcecode.c.objc; path = AppDelegate.m; sourceTree = "<group>"; };
		C3FF5E431BDFAD9500E3B131 /* ViewController.h */ = {isa = PBXFileReference; lastKnownFileType = sourcecode.c.h; path = ViewController.h; sourceTree = "<group>"; };
		C3FF5E441BDFAD9500E3B131 /* ViewController.m */ = {isa = PBXFileReference; lastKnownFileType = sourcecode.c.objc; path = ViewController.m; sourceTree = "<group>"; };
		C3FF5E471BDFAD9500E3B131 /* Base */ = {isa = PBXFileReference; lastKnownFileType = file.storyboard; name = Base; path = Base.lproj/Main.storyboard; sourceTree = "<group>"; };
		C3FF5E491BDFAD9500E3B131 /* Images.xcassets */ = {isa = PBXFileReference; lastKnownFileType = folder.assetcatalog; path = Images.xcassets; sourceTree = "<group>"; };
		C3FF5E4C1BDFAD9500E3B131 /* Base */ = {isa = PBXFileReference; lastKnownFileType = file.xib; name = Base; path = Base.lproj/LaunchScreen.xib; sourceTree = "<group>"; };
		C3FF5E521BDFAD9500E3B131 /* DuandianDownTests.xctest */ = {isa = PBXFileReference; explicitFileType = wrapper.cfbundle; includeInIndex = 0; path = DuandianDownTests.xctest; sourceTree = BUILT_PRODUCTS_DIR; };
		C3FF5E571BDFAD9500E3B131 /* Info.plist */ = {isa = PBXFileReference; lastKnownFileType = text.plist.xml; path = Info.plist; sourceTree = "<group>"; };
		C3FF5E581BDFAD9500E3B131 /* DuandianDownTests.m */ = {isa = PBXFileReference; lastKnownFileType = sourcecode.c.objc; path = DuandianDownTests.m; sourceTree = "<group>"; };
		C3FF5E641BDFADBC00E3B131 /* AFHTTPRequestOperation.h */ = {isa = PBXFileReference; fileEncoding = 4; lastKnownFileType = sourcecode.c.h; path = AFHTTPRequestOperation.h; sourceTree = "<group>"; };
		C3FF5E651BDFADBC00E3B131 /* AFHTTPRequestOperation.m */ = {isa = PBXFileReference; fileEncoding = 4; lastKnownFileType = sourcecode.c.objc; path = AFHTTPRequestOperation.m; sourceTree = "<group>"; };
		C3FF5E661BDFADBC00E3B131 /* AFHTTPRequestOperationManager.h */ = {isa = PBXFileReference; fileEncoding = 4; lastKnownFileType = sourcecode.c.h; path = AFHTTPRequestOperationManager.h; sourceTree = "<group>"; };
		C3FF5E671BDFADBC00E3B131 /* AFHTTPRequestOperationManager.m */ = {isa = PBXFileReference; fileEncoding = 4; lastKnownFileType = sourcecode.c.objc; path = AFHTTPRequestOperationManager.m; sourceTree = "<group>"; };
		C3FF5E681BDFADBC00E3B131 /* AFHTTPSessionManager.h */ = {isa = PBXFileReference; fileEncoding = 4; lastKnownFileType = sourcecode.c.h; path = AFHTTPSessionManager.h; sourceTree = "<group>"; };
		C3FF5E691BDFADBC00E3B131 /* AFHTTPSessionManager.m */ = {isa = PBXFileReference; fileEncoding = 4; lastKnownFileType = sourcecode.c.objc; path = AFHTTPSessionManager.m; sourceTree = "<group>"; };
		C3FF5E6A1BDFADBC00E3B131 /* AFNetworking.h */ = {isa = PBXFileReference; fileEncoding = 4; lastKnownFileType = sourcecode.c.h; path = AFNetworking.h; sourceTree = "<group>"; };
		C3FF5E6B1BDFADBC00E3B131 /* AFNetworkReachabilityManager.h */ = {isa = PBXFileReference; fileEncoding = 4; lastKnownFileType = sourcecode.c.h; path = AFNetworkReachabilityManager.h; sourceTree = "<group>"; };
		C3FF5E6C1BDFADBC00E3B131 /* AFNetworkReachabilityManager.m */ = {isa = PBXFileReference; fileEncoding = 4; lastKnownFileType = sourcecode.c.objc; path = AFNetworkReachabilityManager.m; sourceTree = "<group>"; };
		C3FF5E6D1BDFADBC00E3B131 /* AFSecurityPolicy.h */ = {isa = PBXFileReference; fileEncoding = 4; lastKnownFileType = sourcecode.c.h; path = AFSecurityPolicy.h; sourceTree = "<group>"; };
		C3FF5E6E1BDFADBC00E3B131 /* AFSecurityPolicy.m */ = {isa = PBXFileReference; fileEncoding = 4; lastKnownFileType = sourcecode.c.objc; path = AFSecurityPolicy.m; sourceTree = "<group>"; };
		C3FF5E6F1BDFADBC00E3B131 /* AFURLConnectionOperation.h */ = {isa = PBXFileReference; fileEncoding = 4; lastKnownFileType = sourcecode.c.h; path = AFURLConnectionOperation.h; sourceTree = "<group>"; };
		C3FF5E701BDFADBC00E3B131 /* AFURLConnectionOperation.m */ = {isa = PBXFileReference; fileEncoding = 4; lastKnownFileType = sourcecode.c.objc; path = AFURLConnectionOperation.m; sourceTree = "<group>"; };
		C3FF5E711BDFADBC00E3B131 /* AFURLRequestSerialization.h */ = {isa = PBXFileReference; fileEncoding = 4; lastKnownFileType = sourcecode.c.h; path = AFURLRequestSerialization.h; sourceTree = "<group>"; };
		C3FF5E721BDFADBC00E3B131 /* AFURLRequestSerialization.m */ = {isa = PBXFileReference; fileEncoding = 4; lastKnownFileType = sourcecode.c.objc; path = AFURLRequestSerialization.m; sourceTree = "<group>"; };
		C3FF5E731BDFADBC00E3B131 /* AFURLResponseSerialization.h */ = {isa = PBXFileReference; fileEncoding = 4; lastKnownFileType = sourcecode.c.h; path = AFURLResponseSerialization.h; sourceTree = "<group>"; };
		C3FF5E741BDFADBC00E3B131 /* AFURLResponseSerialization.m */ = {isa = PBXFileReference; fileEncoding = 4; lastKnownFileType = sourcecode.c.objc; path = AFURLResponseSerialization.m; sourceTree = "<group>"; };
		C3FF5E751BDFADBC00E3B131 /* AFURLSessionManager.h */ = {isa = PBXFileReference; fileEncoding = 4; lastKnownFileType = sourcecode.c.h; path = AFURLSessionManager.h; sourceTree = "<group>"; };
		C3FF5E761BDFADBC00E3B131 /* AFURLSessionManager.m */ = {isa = PBXFileReference; fileEncoding = 4; lastKnownFileType = sourcecode.c.objc; path = AFURLSessionManager.m; sourceTree = "<group>"; };
		C3FF5E781BDFADBC00E3B131 /* AFNetworkActivityIndicatorManager.h */ = {isa = PBXFileReference; fileEncoding = 4; lastKnownFileType = sourcecode.c.h; path = AFNetworkActivityIndicatorManager.h; sourceTree = "<group>"; };
		C3FF5E791BDFADBC00E3B131 /* AFNetworkActivityIndicatorManager.m */ = {isa = PBXFileReference; fileEncoding = 4; lastKnownFileType = sourcecode.c.objc; path = AFNetworkActivityIndicatorManager.m; sourceTree = "<group>"; };
		C3FF5E7A1BDFADBC00E3B131 /* README.md */ = {isa = PBXFileReference; fileEncoding = 4; lastKnownFileType = net.daringfireball.markdown; path = README.md; sourceTree = "<group>"; };
		C3FF5E7B1BDFADBC00E3B131 /* UIActivityIndicatorView+AFNetworking.h */ = {isa = PBXFileReference; fileEncoding = 4; lastKnownFileType = sourcecode.c.h; path = "UIActivityIndicatorView+AFNetworking.h"; sourceTree = "<group>"; };
		C3FF5E7C1BDFADBC00E3B131 /* UIActivityIndicatorView+AFNetworking.m */ = {isa = PBXFileReference; fileEncoding = 4; lastKnownFileType = sourcecode.c.objc; path = "UIActivityIndicatorView+AFNetworking.m"; sourceTree = "<group>"; };
		C3FF5E7D1BDFADBC00E3B131 /* UIAlertView+AFNetworking.h */ = {isa = PBXFileReference; fileEncoding = 4; lastKnownFileType = sourcecode.c.h; path = "UIAlertView+AFNetworking.h"; sourceTree = "<group>"; };
		C3FF5E7E1BDFADBC00E3B131 /* UIAlertView+AFNetworking.m */ = {isa = PBXFileReference; fileEncoding = 4; lastKnownFileType = sourcecode.c.objc; path = "UIAlertView+AFNetworking.m"; sourceTree = "<group>"; };
		C3FF5E7F1BDFADBC00E3B131 /* UIButton+AFNetworking.h */ = {isa = PBXFileReference; fileEncoding = 4; lastKnownFileType = sourcecode.c.h; path = "UIButton+AFNetworking.h"; sourceTree = "<group>"; };
		C3FF5E801BDFADBC00E3B131 /* UIButton+AFNetworking.m */ = {isa = PBXFileReference; fileEncoding = 4; lastKnownFileType = sourcecode.c.objc; path = "UIButton+AFNetworking.m"; sourceTree = "<group>"; };
		C3FF5E811BDFADBC00E3B131 /* UIImageView+AFNetworking.h */ = {isa = PBXFileReference; fileEncoding = 4; lastKnownFileType = sourcecode.c.h; path = "UIImageView+AFNetworking.h"; sourceTree = "<group>"; };
		C3FF5E821BDFADBC00E3B131 /* UIImageView+AFNetworking.m */ = {isa = PBXFileReference; fileEncoding = 4; lastKnownFileType = sourcecode.c.objc; path = "UIImageView+AFNetworking.m"; sourceTree = "<group>"; };
		C3FF5E831BDFADBC00E3B131 /* UIKit+AFNetworking.h */ = {isa = PBXFileReference; fileEncoding = 4; lastKnownFileType = sourcecode.c.h; path = "UIKit+AFNetworking.h"; sourceTree = "<group>"; };
		C3FF5E841BDFADBC00E3B131 /* UIProgressView+AFNetworking.h */ = {isa = PBXFileReference; fileEncoding = 4; lastKnownFileType = sourcecode.c.h; path = "UIProgressView+AFNetworking.h"; sourceTree = "<group>"; };
		C3FF5E851BDFADBC00E3B131 /* UIProgressView+AFNetworking.m */ = {isa = PBXFileReference; fileEncoding = 4; lastKnownFileType = sourcecode.c.objc; path = "UIProgressView+AFNetworking.m"; sourceTree = "<group>"; };
		C3FF5E861BDFADBC00E3B131 /* UIRefreshControl+AFNetworking.h */ = {isa = PBXFileReference; fileEncoding = 4; lastKnownFileType = sourcecode.c.h; path = "UIRefreshControl+AFNetworking.h"; sourceTree = "<group>"; };
		C3FF5E871BDFADBC00E3B131 /* UIRefreshControl+AFNetworking.m */ = {isa = PBXFileReference; fileEncoding = 4; lastKnownFileType = sourcecode.c.objc; path = "UIRefreshControl+AFNetworking.m"; sourceTree = "<group>"; };
		C3FF5E881BDFADBC00E3B131 /* UIWebView+AFNetworking.h */ = {isa = PBXFileReference; fileEncoding = 4; lastKnownFileType = sourcecode.c.h; path = "UIWebView+AFNetworking.h"; sourceTree = "<group>"; };
		C3FF5E891BDFADBC00E3B131 /* UIWebView+AFNetworking.m */ = {isa = PBXFileReference; fileEncoding = 4; lastKnownFileType = sourcecode.c.objc; path = "UIWebView+AFNetworking.m"; sourceTree = "<group>"; };
		C3FF5E9C1BDFAF0200E3B131 /* SystemConfiguration.framework */ = {isa = PBXFileReference; lastKnownFileType = wrapper.framework; name = SystemConfiguration.framework; path = System/Library/Frameworks/SystemConfiguration.framework; sourceTree = SDKROOT; };
		C3FF5E9E1BDFAF0E00E3B131 /* MobileCoreServices.framework */ = {isa = PBXFileReference; lastKnownFileType = wrapper.framework; name = MobileCoreServices.framework; path = System/Library/Frameworks/MobileCoreServices.framework; sourceTree = SDKROOT; };
/* End PBXFileReference section */

/* Begin PBXFrameworksBuildPhase section */
		C3FF5E361BDFAD9400E3B131 /* Frameworks */ = {
			isa = PBXFrameworksBuildPhase;
			buildActionMask = 2147483647;
			files = (
				C3FF5E9F1BDFAF0E00E3B131 /* MobileCoreServices.framework in Frameworks */,
				C3FF5E9D1BDFAF0200E3B131 /* SystemConfiguration.framework in Frameworks */,
			);
			runOnlyForDeploymentPostprocessing = 0;
		};
		C3FF5E4F1BDFAD9500E3B131 /* Frameworks */ = {
			isa = PBXFrameworksBuildPhase;
			buildActionMask = 2147483647;
			files = (
			);
			runOnlyForDeploymentPostprocessing = 0;
		};
/* End PBXFrameworksBuildPhase section */

/* Begin PBXGroup section */
		C3FF5E301BDFAD9400E3B131 = {
			isa = PBXGroup;
			children = (
				C3FF5E9E1BDFAF0E00E3B131 /* MobileCoreServices.framework */,
				C3FF5E9C1BDFAF0200E3B131 /* SystemConfiguration.framework */,
				C3FF5E3B1BDFAD9500E3B131 /* DuandianDown */,
				C3FF5E551BDFAD9500E3B131 /* DuandianDownTests */,
				C3FF5E3A1BDFAD9500E3B131 /* Products */,
			);
			sourceTree = "<group>";
		};
		C3FF5E3A1BDFAD9500E3B131 /* Products */ = {
			isa = PBXGroup;
			children = (
				C3FF5E391BDFAD9500E3B131 /* DuandianDown.app */,
				C3FF5E521BDFAD9500E3B131 /* DuandianDownTests.xctest */,
			);
			name = Products;
			sourceTree = "<group>";
		};
		C3FF5E3B1BDFAD9500E3B131 /* DuandianDown */ = {
			isa = PBXGroup;
			children = (
				C3FF5E621BDFADBC00E3B131 /* AFNetWorking */,
				C3FF5E401BDFAD9500E3B131 /* AppDelegate.h */,
				C3FF5E411BDFAD9500E3B131 /* AppDelegate.m */,
				C3FF5E431BDFAD9500E3B131 /* ViewController.h */,
				C3FF5E441BDFAD9500E3B131 /* ViewController.m */,
				C3FF5E461BDFAD9500E3B131 /* Main.storyboard */,
				C3FF5E491BDFAD9500E3B131 /* Images.xcassets */,
				C3FF5E4B1BDFAD9500E3B131 /* LaunchScreen.xib */,
				C3FF5E3C1BDFAD9500E3B131 /* Supporting Files */,
			);
			path = DuandianDown;
			sourceTree = "<group>";
		};
		C3FF5E3C1BDFAD9500E3B131 /* Supporting Files */ = {
			isa = PBXGroup;
			children = (
				C3FF5E3D1BDFAD9500E3B131 /* Info.plist */,
				C3FF5E3E1BDFAD9500E3B131 /* main.m */,
			);
			name = "Supporting Files";
			sourceTree = "<group>";
		};
		C3FF5E551BDFAD9500E3B131 /* DuandianDownTests */ = {
			isa = PBXGroup;
			children = (
				C3FF5E581BDFAD9500E3B131 /* DuandianDownTests.m */,
				C3FF5E561BDFAD9500E3B131 /* Supporting Files */,
			);
			path = DuandianDownTests;
			sourceTree = "<group>";
		};
		C3FF5E561BDFAD9500E3B131 /* Supporting Files */ = {
			isa = PBXGroup;
			children = (
				C3FF5E571BDFAD9500E3B131 /* Info.plist */,
			);
			name = "Supporting Files";
			sourceTree = "<group>";
		};
		C3FF5E621BDFADBC00E3B131 /* AFNetWorking */ = {
			isa = PBXGroup;
			children = (
				C3FF5E631BDFADBC00E3B131 /* AFNetworking */,
				C3FF5E771BDFADBC00E3B131 /* UIKit+AFNetworking */,
			);
			path = AFNetWorking;
			sourceTree = "<group>";
		};
		C3FF5E631BDFADBC00E3B131 /* AFNetworking */ = {
			isa = PBXGroup;
			children = (
				C3FF5E641BDFADBC00E3B131 /* AFHTTPRequestOperation.h */,
				C3FF5E651BDFADBC00E3B131 /* AFHTTPRequestOperation.m */,
				C3FF5E661BDFADBC00E3B131 /* AFHTTPRequestOperationManager.h */,
				C3FF5E671BDFADBC00E3B131 /* AFHTTPRequestOperationManager.m */,
				C3FF5E681BDFADBC00E3B131 /* AFHTTPSessionManager.h */,
				C3FF5E691BDFADBC00E3B131 /* AFHTTPSessionManager.m */,
				C3FF5E6A1BDFADBC00E3B131 /* AFNetworking.h */,
				C3FF5E6B1BDFADBC00E3B131 /* AFNetworkReachabilityManager.h */,
				C3FF5E6C1BDFADBC00E3B131 /* AFNetworkReachabilityManager.m */,
				C3FF5E6D1BDFADBC00E3B131 /* AFSecurityPolicy.h */,
				C3FF5E6E1BDFADBC00E3B131 /* AFSecurityPolicy.m */,
				C3FF5E6F1BDFADBC00E3B131 /* AFURLConnectionOperation.h */,
				C3FF5E701BDFADBC00E3B131 /* AFURLConnectionOperation.m */,
				C3FF5E711BDFADBC00E3B131 /* AFURLRequestSerialization.h */,
				C3FF5E721BDFADBC00E3B131 /* AFURLRequestSerialization.m */,
				C3FF5E731BDFADBC00E3B131 /* AFURLResponseSerialization.h */,
				C3FF5E741BDFADBC00E3B131 /* AFURLResponseSerialization.m */,
				C3FF5E751BDFADBC00E3B131 /* AFURLSessionManager.h */,
				C3FF5E761BDFADBC00E3B131 /* AFURLSessionManager.m */,
			);
			path = AFNetworking;
			sourceTree = "<group>";
		};
		C3FF5E771BDFADBC00E3B131 /* UIKit+AFNetworking */ = {
			isa = PBXGroup;
			children = (
				C3FF5E781BDFADBC00E3B131 /* AFNetworkActivityIndicatorManager.h */,
				C3FF5E791BDFADBC00E3B131 /* AFNetworkActivityIndicatorManager.m */,
				C3FF5E7A1BDFADBC00E3B131 /* README.md */,
				C3FF5E7B1BDFADBC00E3B131 /* UIActivityIndicatorView+AFNetworking.h */,
				C3FF5E7C1BDFADBC00E3B131 /* UIActivityIndicatorView+AFNetworking.m */,
				C3FF5E7D1BDFADBC00E3B131 /* UIAlertView+AFNetworking.h */,
				C3FF5E7E1BDFADBC00E3B131 /* UIAlertView+AFNetworking.m */,
				C3FF5E7F1BDFADBC00E3B131 /* UIButton+AFNetworking.h */,
				C3FF5E801BDFADBC00E3B131 /* UIButton+AFNetworking.m */,
				C3FF5E811BDFADBC00E3B131 /* UIImageView+AFNetworking.h */,
				C3FF5E821BDFADBC00E3B131 /* UIImageView+AFNetworking.m */,
				C3FF5E831BDFADBC00E3B131 /* UIKit+AFNetworking.h */,
				C3FF5E841BDFADBC00E3B131 /* UIProgressView+AFNetworking.h */,
				C3FF5E851BDFADBC00E3B131 /* UIProgressView+AFNetworking.m */,
				C3FF5E861BDFADBC00E3B131 /* UIRefreshControl+AFNetworking.h */,
				C3FF5E871BDFADBC00E3B131 /* UIRefreshControl+AFNetworking.m */,
				C3FF5E881BDFADBC00E3B131 /* UIWebView+AFNetworking.h */,
				C3FF5E891BDFADBC00E3B131 /* UIWebView+AFNetworking.m */,
			);
			path = "UIKit+AFNetworking";
			sourceTree = "<group>";
		};
/* End PBXGroup section */

/* Begin PBXNativeTarget section */
		C3FF5E381BDFAD9400E3B131 /* DuandianDown */ = {
			isa = PBXNativeTarget;
			buildConfigurationList = C3FF5E5C1BDFAD9500E3B131 /* Build configuration list for PBXNativeTarget "DuandianDown" */;
			buildPhases = (
				C3FF5E351BDFAD9400E3B131 /* Sources */,
				C3FF5E361BDFAD9400E3B131 /* Frameworks */,
				C3FF5E371BDFAD9400E3B131 /* Resources */,
			);
			buildRules = (
			);
			dependencies = (
			);
			name = DuandianDown;
			productName = DuandianDown;
			productReference = C3FF5E391BDFAD9500E3B131 /* DuandianDown.app */;
			productType = "com.apple.product-type.application";
		};
		C3FF5E511BDFAD9500E3B131 /* DuandianDownTests */ = {
			isa = PBXNativeTarget;
			buildConfigurationList = C3FF5E5F1BDFAD9500E3B131 /* Build configuration list for PBXNativeTarget "DuandianDownTests" */;
			buildPhases = (
				C3FF5E4E1BDFAD9500E3B131 /* Sources */,
				C3FF5E4F1BDFAD9500E3B131 /* Frameworks */,
				C3FF5E501BDFAD9500E3B131 /* Resources */,
			);
			buildRules = (
			);
			dependencies = (
				C3FF5E541BDFAD9500E3B131 /* PBXTargetDependency */,
			);
			name = DuandianDownTests;
			productName = DuandianDownTests;
			productReference = C3FF5E521BDFAD9500E3B131 /* DuandianDownTests.xctest */;
			productType = "com.apple.product-type.bundle.unit-test";
		};
/* End PBXNativeTarget section */

/* Begin PBXProject section */
		C3FF5E311BDFAD9400E3B131 /* Project object */ = {
			isa = PBXProject;
			attributes = {
				LastUpgradeCheck = 0640;
				ORGANIZATIONNAME = HGDQ;
				TargetAttributes = {
					C3FF5E381BDFAD9400E3B131 = {
						CreatedOnToolsVersion = 6.4;
					};
					C3FF5E511BDFAD9500E3B131 = {
						CreatedOnToolsVersion = 6.4;
						TestTargetID = C3FF5E381BDFAD9400E3B131;
					};
				};
			};
			buildConfigurationList = C3FF5E341BDFAD9400E3B131 /* Build configuration list for PBXProject "DuandianDown" */;
			compatibilityVersion = "Xcode 3.2";
			developmentRegion = English;
			hasScannedForEncodings = 0;
			knownRegions = (
				en,
				Base,
			);
			mainGroup = C3FF5E301BDFAD9400E3B131;
			productRefGroup = C3FF5E3A1BDFAD9500E3B131 /* Products */;
			projectDirPath = "";
			projectRoot = "";
			targets = (
				C3FF5E381BDFAD9400E3B131 /* DuandianDown */,
				C3FF5E511BDFAD9500E3B131 /* DuandianDownTests */,
			);
		};
/* End PBXProject section */

/* Begin PBXResourcesBuildPhase section */
		C3FF5E371BDFAD9400E3B131 /* Resources */ = {
			isa = PBXResourcesBuildPhase;
			buildActionMask = 2147483647;
			files = (
				C3FF5E481BDFAD9500E3B131 /* Main.storyboard in Resources */,
				C3FF5E4D1BDFAD9500E3B131 /* LaunchScreen.xib in Resources */,
				C3FF5E4A1BDFAD9500E3B131 /* Images.xcassets in Resources */,
			);
			runOnlyForDeploymentPostprocessing = 0;
		};
		C3FF5E501BDFAD9500E3B131 /* Resources */ = {
			isa = PBXResourcesBuildPhase;
			buildActionMask = 2147483647;
			files = (
			);
			runOnlyForDeploymentPostprocessing = 0;
		};
/* End PBXResourcesBuildPhase section */

/* Begin PBXSourcesBuildPhase section */
		C3FF5E351BDFAD9400E3B131 /* Sources */ = {
			isa = PBXSourcesBuildPhase;
			buildActionMask = 2147483647;
			files = (
				C3FF5E991BDFADBC00E3B131 /* UIProgressView+AFNetworking.m in Sources */,
				C3FF5E971BDFADBC00E3B131 /* UIButton+AFNetworking.m in Sources */,
				C3FF5E9A1BDFADBC00E3B131 /* UIRefreshControl+AFNetworking.m in Sources */,
				C3FF5E961BDFADBC00E3B131 /* UIAlertView+AFNetworking.m in Sources */,
				C3FF5E8A1BDFADBC00E3B131 /* AFHTTPRequestOperation.m in Sources */,
				C3FF5E451BDFAD9500E3B131 /* ViewController.m in Sources */,
				C3FF5E8B1BDFADBC00E3B131 /* AFHTTPRequestOperationManager.m in Sources */,
				C3FF5E8D1BDFADBC00E3B131 /* AFNetworkReachabilityManager.m in Sources */,
				C3FF5E911BDFADBC00E3B131 /* AFURLResponseSerialization.m in Sources */,
				C3FF5E981BDFADBC00E3B131 /* UIImageView+AFNetworking.m in Sources */,
				C3FF5E8F1BDFADBC00E3B131 /* AFURLConnectionOperation.m in Sources */,
				C3FF5E951BDFADBC00E3B131 /* UIActivityIndicatorView+AFNetworking.m in Sources */,
				C3FF5E8E1BDFADBC00E3B131 /* AFSecurityPolicy.m in Sources */,
				C3FF5E8C1BDFADBC00E3B131 /* AFHTTPSessionManager.m in Sources */,
				C3FF5E901BDFADBC00E3B131 /* AFURLRequestSerialization.m in Sources */,
				C3FF5E931BDFADBC00E3B131 /* AFNetworkActivityIndicatorManager.m in Sources */,
				C3FF5E941BDFADBC00E3B131 /* README.md in Sources */,
				C3FF5E9B1BDFADBC00E3B131 /* UIWebView+AFNetworking.m in Sources */,
				C3FF5E921BDFADBC00E3B131 /* AFURLSessionManager.m in Sources */,
				C3FF5E421BDFAD9500E3B131 /* AppDelegate.m in Sources */,
				C3FF5E3F1BDFAD9500E3B131 /* main.m in Sources */,
			);
			runOnlyForDeploymentPostprocessing = 0;
		};
		C3FF5E4E1BDFAD9500E3B131 /* Sources */ = {
			isa = PBXSourcesBuildPhase;
			buildActionMask = 2147483647;
			files = (
				C3FF5E591BDFAD9500E3B131 /* DuandianDownTests.m in Sources */,
			);
			runOnlyForDeploymentPostprocessing = 0;
		};
/* End PBXSourcesBuildPhase section */

/* Begin PBXTargetDependency section */
		C3FF5E541BDFAD9500E3B131 /* PBXTargetDependency */ = {
			isa = PBXTargetDependency;
			target = C3FF5E381BDFAD9400E3B131 /* DuandianDown */;
			targetProxy = C3FF5E531BDFAD9500E3B131 /* PBXContainerItemProxy */;
		};
/* End PBXTargetDependency section */

/* Begin PBXVariantGroup section */
		C3FF5E461BDFAD9500E3B131 /* Main.storyboard */ = {
			isa = PBXVariantGroup;
			children = (
				C3FF5E471BDFAD9500E3B131 /* Base */,
			);
			name = Main.storyboard;
			sourceTree = "<group>";
		};
		C3FF5E4B1BDFAD9500E3B131 /* LaunchScreen.xib */ = {
			isa = PBXVariantGroup;
			children = (
				C3FF5E4C1BDFAD9500E3B131 /* Base */,
			);
			name = LaunchScreen.xib;
			sourceTree = "<group>";
		};
/* End PBXVariantGroup section */

/* Begin XCBuildConfiguration section */
		C3FF5E5A1BDFAD9500E3B131 /* Debug */ = {
			isa = XCBuildConfiguration;
			buildSettings = {
				ALWAYS_SEARCH_USER_PATHS = NO;
				CLANG_CXX_LANGUAGE_STANDARD = "gnu++0x";
				CLANG_CXX_LIBRARY = "libc++";
				CLANG_ENABLE_MODULES = YES;
				CLANG_ENABLE_OBJC_ARC = YES;
				CLANG_WARN_BOOL_CONVERSION = YES;
				CLANG_WARN_CONSTANT_CONVERSION = YES;
				CLANG_WARN_DIRECT_OBJC_ISA_USAGE = YES_ERROR;
				CLANG_WARN_EMPTY_BODY = YES;
				CLANG_WARN_ENUM_CONVERSION = YES;
				CLANG_WARN_INT_CONVERSION = YES;
				CLANG_WARN_OBJC_ROOT_CLASS = YES_ERROR;
				CLANG_WARN_UNREACHABLE_CODE = YES;
				CLANG_WARN__DUPLICATE_METHOD_MATCH = YES;
				"CODE_SIGN_IDENTITY[sdk=iphoneos*]" = "iPhone Developer";
				COPY_PHASE_STRIP = NO;
				DEBUG_INFORMATION_FORMAT = "dwarf-with-dsym";
				ENABLE_STRICT_OBJC_MSGSEND = YES;
				GCC_C_LANGUAGE_STANDARD = gnu99;
				GCC_DYNAMIC_NO_PIC = NO;
				GCC_NO_COMMON_BLOCKS = YES;
				GCC_OPTIMIZATION_LEVEL = 0;
				GCC_PREPROCESSOR_DEFINITIONS = (
					"DEBUG=1",
					"$(inherited)",
				);
				GCC_SYMBOLS_PRIVATE_EXTERN = NO;
				GCC_WARN_64_TO_32_BIT_CONVERSION = YES;
				GCC_WARN_ABOUT_RETURN_TYPE = YES_ERROR;
				GCC_WARN_UNDECLARED_SELECTOR = YES;
				GCC_WARN_UNINITIALIZED_AUTOS = YES_AGGRESSIVE;
				GCC_WARN_UNUSED_FUNCTION = YES;
				GCC_WARN_UNUSED_VARIABLE = YES;
				IPHONEOS_DEPLOYMENT_TARGET = 8.4;
				MTL_ENABLE_DEBUG_INFO = YES;
				ONLY_ACTIVE_ARCH = YES;
				SDKROOT = iphoneos;
			};
			name = Debug;
		};
		C3FF5E5B1BDFAD9500E3B131 /* Release */ = {
			isa = XCBuildConfiguration;
			buildSettings = {
				ALWAYS_SEARCH_USER_PATHS = NO;
				CLANG_CXX_LANGUAGE_STANDARD = "gnu++0x";
				CLANG_CXX_LIBRARY = "libc++";
				CLANG_ENABLE_MODULES = YES;
				CLANG_ENABLE_OBJC_ARC = YES;
				CLANG_WARN_BOOL_CONVERSION = YES;
				CLANG_WARN_CONSTANT_CONVERSION = YES;
				CLANG_WARN_DIRECT_OBJC_ISA_USAGE = YES_ERROR;
				CLANG_WARN_EMPTY_BODY = YES;
				CLANG_WARN_ENUM_CONVERSION = YES;
				CLANG_WARN_INT_CONVERSION = YES;
				CLANG_WARN_OBJC_ROOT_CLASS = YES_ERROR;
				CLANG_WARN_UNREACHABLE_CODE = YES;
				CLANG_WARN__DUPLICATE_METHOD_MATCH = YES;
				"CODE_SIGN_IDENTITY[sdk=iphoneos*]" = "iPhone Developer";
				COPY_PHASE_STRIP = NO;
				DEBUG_INFORMATION_FORMAT = "dwarf-with-dsym";
				ENABLE_NS_ASSERTIONS = NO;
				ENABLE_STRICT_OBJC_MSGSEND = YES;
				GCC_C_LANGUAGE_STANDARD = gnu99;
				GCC_NO_COMMON_BLOCKS = YES;
				GCC_WARN_64_TO_32_BIT_CONVERSION = YES;
				GCC_WARN_ABOUT_RETURN_TYPE = YES_ERROR;
				GCC_WARN_UNDECLARED_SELECTOR = YES;
				GCC_WARN_UNINITIALIZED_AUTOS = YES_AGGRESSIVE;
				GCC_WARN_UNUSED_FUNCTION = YES;
				GCC_WARN_UNUSED_VARIABLE = YES;
				IPHONEOS_DEPLOYMENT_TARGET = 8.4;
				MTL_ENABLE_DEBUG_INFO = NO;
				SDKROOT = iphoneos;
				VALIDATE_PRODUCT = YES;
			};
			name = Release;
		};
		C3FF5E5D1BDFAD9500E3B131 /* Debug */ = {
			isa = XCBuildConfiguration;
			buildSettings = {
				ASSETCATALOG_COMPILER_APPICON_NAME = AppIcon;
				INFOPLIST_FILE = DuandianDown/Info.plist;
				LD_RUNPATH_SEARCH_PATHS = "$(inherited) @executable_path/Frameworks";
				PRODUCT_NAME = "$(TARGET_NAME)";
			};
			name = Debug;
		};
		C3FF5E5E1BDFAD9500E3B131 /* Release */ = {
			isa = XCBuildConfiguration;
			buildSettings = {
				ASSETCATALOG_COMPILER_APPICON_NAME = AppIcon;
				INFOPLIST_FILE = DuandianDown/Info.plist;
				LD_RUNPATH_SEARCH_PATHS = "$(inherited) @executable_path/Frameworks";
				PRODUCT_NAME = "$(TARGET_NAME)";
			};
			name = Release;
		};
		C3FF5E601BDFAD9500E3B131 /* Debug */ = {
			isa = XCBuildConfiguration;
			buildSettings = {
				BUNDLE_LOADER = "$(TEST_HOST)";
				FRAMEWORK_SEARCH_PATHS = (
					"$(SDKROOT)/Developer/Library/Frameworks",
					"$(inherited)",
				);
				GCC_PREPROCESSOR_DEFINITIONS = (
					"DEBUG=1",
					"$(inherited)",
				);
				INFOPLIST_FILE = DuandianDownTests/Info.plist;
				LD_RUNPATH_SEARCH_PATHS = "$(inherited) @executable_path/Frameworks @loader_path/Frameworks";
				PRODUCT_NAME = "$(TARGET_NAME)";
				TEST_HOST = "$(BUILT_PRODUCTS_DIR)/DuandianDown.app/DuandianDown";
			};
			name = Debug;
		};
		C3FF5E611BDFAD9500E3B131 /* Release */ = {
			isa = XCBuildConfiguration;
			buildSettings = {
				BUNDLE_LOADER = "$(TEST_HOST)";
				FRAMEWORK_SEARCH_PATHS = (
					"$(SDKROOT)/Developer/Library/Frameworks",
					"$(inherited)",
				);
				INFOPLIST_FILE = DuandianDownTests/Info.plist;
				LD_RUNPATH_SEARCH_PATHS = "$(inherited) @executable_path/Frameworks @loader_path/Frameworks";
				PRODUCT_NAME = "$(TARGET_NAME)";
				TEST_HOST = "$(BUILT_PRODUCTS_DIR)/DuandianDown.app/DuandianDown";
			};
			name = Release;
		};
/* End XCBuildConfiguration section */

/* Begin XCConfigurationList section */
		C3FF5E341BDFAD9400E3B131 /* Build configuration list for PBXProject "DuandianDown" */ = {
			isa = XCConfigurationList;
			buildConfigurations = (
				C3FF5E5A1BDFAD9500E3B131 /* Debug */,
				C3FF5E5B1BDFAD9500E3B131 /* Release */,
			);
			defaultConfigurationIsVisible = 0;
			defaultConfigurationName = Release;
		};
		C3FF5E5C1BDFAD9500E3B131 /* Build configuration list for PBXNativeTarget "DuandianDown" */ = {
			isa = XCConfigurationList;
			buildConfigurations = (
				C3FF5E5D1BDFAD9500E3B131 /* Debug */,
				C3FF5E5E1BDFAD9500E3B131 /* Release */,
			);
			defaultConfigurationIsVisible = 0;
		};
		C3FF5E5F1BDFAD9500E3B131 /* Build configuration list for PBXNativeTarget "DuandianDownTests" */ = {
			isa = XCConfigurationList;
			buildConfigurations = (
				C3FF5E601BDFAD9500E3B131 /* Debug */,
				C3FF5E611BDFAD9500E3B131 /* Release */,
			);
			defaultConfigurationIsVisible = 0;
		};
/* End XCConfigurationList section */
	};
	rootObject = C3FF5E311BDFAD9400E3B131 /* Project object */;
}
